// !$*UTF8*$!
{
	archiveVersion = 1;
	classes = {
	};
	objectVersion = 55;
	objects = {

/* Begin PBXBuildFile section */
		1D63840D285B24E800612F1A /* AppDelegate.swift in Sources */ = {isa = PBXBuildFile; fileRef = 1D63840C285B24E800612F1A /* AppDelegate.swift */; };
		1D63840F285B24E800612F1A /* SceneDelegate.swift in Sources */ = {isa = PBXBuildFile; fileRef = 1D63840E285B24E800612F1A /* SceneDelegate.swift */; };
		1D638411285B24E800612F1A /* ViewController.swift in Sources */ = {isa = PBXBuildFile; fileRef = 1D638410285B24E800612F1A /* ViewController.swift */; };
		1D638414285B24E800612F1A /* Main.storyboard in Resources */ = {isa = PBXBuildFile; fileRef = 1D638412285B24E800612F1A /* Main.storyboard */; };
		1D638417285B24E800612F1A /* AirportInfo.xcdatamodeld in Sources */ = {isa = PBXBuildFile; fileRef = 1D638415285B24E800612F1A /* AirportInfo.xcdatamodeld */; };
		1D638419285B24F200612F1A /* Assets.xcassets in Resources */ = {isa = PBXBuildFile; fileRef = 1D638418285B24F200612F1A /* Assets.xcassets */; };
		1D63841C285B24F200612F1A /* LaunchScreen.storyboard in Resources */ = {isa = PBXBuildFile; fileRef = 1D63841A285B24F200612F1A /* LaunchScreen.storyboard */; };
		1D638427285B24F300612F1A /* AirportInfoTests.swift in Sources */ = {isa = PBXBuildFile; fileRef = 1D638426285B24F300612F1A /* AirportInfoTests.swift */; };
		1D638431285B24F300612F1A /* AirportInfoUITests.swift in Sources */ = {isa = PBXBuildFile; fileRef = 1D638430285B24F300612F1A /* AirportInfoUITests.swift */; };
		1D638433285B24F300612F1A /* AirportInfoUITestsLaunchTests.swift in Sources */ = {isa = PBXBuildFile; fileRef = 1D638432285B24F300612F1A /* AirportInfoUITestsLaunchTests.swift */; };
/* End PBXBuildFile section */

/* Begin PBXContainerItemProxy section */
		1D638423285B24F300612F1A /* PBXContainerItemProxy */ = {
			isa = PBXContainerItemProxy;
			containerPortal = 1D638401285B24E800612F1A /* Project object */;
			proxyType = 1;
			remoteGlobalIDString = 1D638408285B24E800612F1A;
			remoteInfo = AirportInfo;
		};
		1D63842D285B24F300612F1A /* PBXContainerItemProxy */ = {
			isa = PBXContainerItemProxy;
			containerPortal = 1D638401285B24E800612F1A /* Project object */;
			proxyType = 1;
			remoteGlobalIDString = 1D638408285B24E800612F1A;
			remoteInfo = AirportInfo;
		};
/* End PBXContainerItemProxy section */

/* Begin PBXFileReference section */
		1D638409285B24E800612F1A /* AirportInfo.app */ = {isa = PBXFileReference; explicitFileType = wrapper.application; includeInIndex = 0; path = AirportInfo.app; sourceTree = BUILT_PRODUCTS_DIR; };
		1D63840C285B24E800612F1A /* AppDelegate.swift */ = {isa = PBXFileReference; lastKnownFileType = sourcecode.swift; path = AppDelegate.swift; sourceTree = "<group>"; };
		1D63840E285B24E800612F1A /* SceneDelegate.swift */ = {isa = PBXFileReference; lastKnownFileType = sourcecode.swift; path = SceneDelegate.swift; sourceTree = "<group>"; };
		1D638410285B24E800612F1A /* ViewController.swift */ = {isa = PBXFileReference; lastKnownFileType = sourcecode.swift; path = ViewController.swift; sourceTree = "<group>"; };
		1D638413285B24E800612F1A /* Base */ = {isa = PBXFileReference; lastKnownFileType = file.storyboard; name = Base; path = Base.lproj/Main.storyboard; sourceTree = "<group>"; };
		1D638416285B24E800612F1A /* AirportInfo.xcdatamodel */ = {isa = PBXFileReference; lastKnownFileType = wrapper.xcdatamodel; path = AirportInfo.xcdatamodel; sourceTree = "<group>"; };
		1D638418285B24F200612F1A /* Assets.xcassets */ = {isa = PBXFileReference; lastKnownFileType = folder.assetcatalog; path = Assets.xcassets; sourceTree = "<group>"; };
		1D63841B285B24F200612F1A /* Base */ = {isa = PBXFileReference; lastKnownFileType = file.storyboard; name = Base; path = Base.lproj/LaunchScreen.storyboard; sourceTree = "<group>"; };
		1D63841D285B24F200612F1A /* Info.plist */ = {isa = PBXFileReference; lastKnownFileType = text.plist.xml; path = Info.plist; sourceTree = "<group>"; };
		1D638422285B24F300612F1A /* AirportInfoTests.xctest */ = {isa = PBXFileReference; explicitFileType = wrapper.cfbundle; includeInIndex = 0; path = AirportInfoTests.xctest; sourceTree = BUILT_PRODUCTS_DIR; };
		1D638426285B24F300612F1A /* AirportInfoTests.swift */ = {isa = PBXFileReference; lastKnownFileType = sourcecode.swift; path = AirportInfoTests.swift; sourceTree = "<group>"; };
		1D63842C285B24F300612F1A /* AirportInfoUITests.xctest */ = {isa = PBXFileReference; explicitFileType = wrapper.cfbundle; includeInIndex = 0; path = AirportInfoUITests.xctest; sourceTree = BUILT_PRODUCTS_DIR; };
		1D638430285B24F300612F1A /* AirportInfoUITests.swift */ = {isa = PBXFileReference; lastKnownFileType = sourcecode.swift; path = AirportInfoUITests.swift; sourceTree = "<group>"; };
		1D638432285B24F300612F1A /* AirportInfoUITestsLaunchTests.swift */ = {isa = PBXFileReference; lastKnownFileType = sourcecode.swift; path = AirportInfoUITestsLaunchTests.swift; sourceTree = "<group>"; };
/* End PBXFileReference section */

/* Begin PBXFrameworksBuildPhase section */
		1D638406285B24E800612F1A /* Frameworks */ = {
			isa = PBXFrameworksBuildPhase;
			buildActionMask = 2147483647;
			files = (
			);
			runOnlyForDeploymentPostprocessing = 0;
		};
		1D63841F285B24F300612F1A /* Frameworks */ = {
			isa = PBXFrameworksBuildPhase;
			buildActionMask = 2147483647;
			files = (
			);
			runOnlyForDeploymentPostprocessing = 0;
		};
		1D638429285B24F300612F1A /* Frameworks */ = {
			isa = PBXFrameworksBuildPhase;
			buildActionMask = 2147483647;
			files = (
			);
			runOnlyForDeploymentPostprocessing = 0;
		};
/* End PBXFrameworksBuildPhase section */

/* Begin PBXGroup section */
		1D638400285B24E800612F1A = {
			isa = PBXGroup;
			children = (
				1D63840B285B24E800612F1A /* AirportInfo */,
				1D638425285B24F300612F1A /* AirportInfoTests */,
				1D63842F285B24F300612F1A /* AirportInfoUITests */,
				1D63840A285B24E800612F1A /* Products */,
			);
			sourceTree = "<group>";
		};
		1D63840A285B24E800612F1A /* Products */ = {
			isa = PBXGroup;
			children = (
				1D638409285B24E800612F1A /* AirportInfo.app */,
				1D638422285B24F300612F1A /* AirportInfoTests.xctest */,
				1D63842C285B24F300612F1A /* AirportInfoUITests.xctest */,
			);
			name = Products;
			sourceTree = "<group>";
		};
		1D63840B285B24E800612F1A /* AirportInfo */ = {
			isa = PBXGroup;
			children = (
				1D63840C285B24E800612F1A /* AppDelegate.swift */,
				1D63840E285B24E800612F1A /* SceneDelegate.swift */,
				1D638410285B24E800612F1A /* ViewController.swift */,
				1D638412285B24E800612F1A /* Main.storyboard */,
				1D638418285B24F200612F1A /* Assets.xcassets */,
				1D63841A285B24F200612F1A /* LaunchScreen.storyboard */,
				1D63841D285B24F200612F1A /* Info.plist */,
				1D638415285B24E800612F1A /* AirportInfo.xcdatamodeld */,
			);
			path = AirportInfo;
			sourceTree = "<group>";
		};
		1D638425285B24F300612F1A /* AirportInfoTests */ = {
			isa = PBXGroup;
			children = (
				1D638426285B24F300612F1A /* AirportInfoTests.swift */,
			);
			path = AirportInfoTests;
			sourceTree = "<group>";
		};
		1D63842F285B24F300612F1A /* AirportInfoUITests */ = {
			isa = PBXGroup;
			children = (
				1D638430285B24F300612F1A /* AirportInfoUITests.swift */,
				1D638432285B24F300612F1A /* AirportInfoUITestsLaunchTests.swift */,
			);
			path = AirportInfoUITests;
			sourceTree = "<group>";
		};
/* End PBXGroup section */

/* Begin PBXNativeTarget section */
		1D638408285B24E800612F1A /* AirportInfo */ = {
			isa = PBXNativeTarget;
			buildConfigurationList = 1D638436285B24F300612F1A /* Build configuration list for PBXNativeTarget "AirportInfo" */;
			buildPhases = (
				1D638405285B24E800612F1A /* Sources */,
				1D638406285B24E800612F1A /* Frameworks */,
				1D638407285B24E800612F1A /* Resources */,
			);
			buildRules = (
			);
			dependencies = (
			);
			name = AirportInfo;
			productName = AirportInfo;
			productReference = 1D638409285B24E800612F1A /* AirportInfo.app */;
			productType = "com.apple.product-type.application";
		};
		1D638421285B24F300612F1A /* AirportInfoTests */ = {
			isa = PBXNativeTarget;
			buildConfigurationList = 1D638439285B24F300612F1A /* Build configuration list for PBXNativeTarget "AirportInfoTests" */;
			buildPhases = (
				1D63841E285B24F300612F1A /* Sources */,
				1D63841F285B24F300612F1A /* Frameworks */,
				1D638420285B24F300612F1A /* Resources */,
			);
			buildRules = (
			);
			dependencies = (
				1D638424285B24F300612F1A /* PBXTargetDependency */,
			);
			name = AirportInfoTests;
			productName = AirportInfoTests;
			productReference = 1D638422285B24F300612F1A /* AirportInfoTests.xctest */;
			productType = "com.apple.product-type.bundle.unit-test";
		};
		1D63842B285B24F300612F1A /* AirportInfoUITests */ = {
			isa = PBXNativeTarget;
			buildConfigurationList = 1D63843C285B24F300612F1A /* Build configuration list for PBXNativeTarget "AirportInfoUITests" */;
			buildPhases = (
				1D638428285B24F300612F1A /* Sources */,
				1D638429285B24F300612F1A /* Frameworks */,
				1D63842A285B24F300612F1A /* Resources */,
			);
			buildRules = (
			);
			dependencies = (
				1D63842E285B24F300612F1A /* PBXTargetDependency */,
			);
			name = AirportInfoUITests;
			productName = AirportInfoUITests;
			productReference = 1D63842C285B24F300612F1A /* AirportInfoUITests.xctest */;
			productType = "com.apple.product-type.bundle.ui-testing";
		};
/* End PBXNativeTarget section */

/* Begin PBXProject section */
		1D638401285B24E800612F1A /* Project object */ = {
			isa = PBXProject;
			attributes = {
				BuildIndependentTargetsInParallel = 1;
				LastSwiftUpdateCheck = 1320;
				LastUpgradeCheck = 1320;
				TargetAttributes = {
					1D638408285B24E800612F1A = {
						CreatedOnToolsVersion = 13.2.1;
					};
					1D638421285B24F300612F1A = {
						CreatedOnToolsVersion = 13.2.1;
						TestTargetID = 1D638408285B24E800612F1A;
					};
					1D63842B285B24F300612F1A = {
						CreatedOnToolsVersion = 13.2.1;
						TestTargetID = 1D638408285B24E800612F1A;
					};
				};
			};
			buildConfigurationList = 1D638404285B24E800612F1A /* Build configuration list for PBXProject "AirportInfo" */;
			compatibilityVersion = "Xcode 13.0";
			developmentRegion = en;
			hasScannedForEncodings = 0;
			knownRegions = (
				en,
				Base,
			);
			mainGroup = 1D638400285B24E800612F1A;
			productRefGroup = 1D63840A285B24E800612F1A /* Products */;
			projectDirPath = "";
			projectRoot = "";
			targets = (
				1D638408285B24E800612F1A /* AirportInfo */,
				1D638421285B24F300612F1A /* AirportInfoTests */,
				1D63842B285B24F300612F1A /* AirportInfoUITests */,
			);
		};
/* End PBXProject section */

/* Begin PBXResourcesBuildPhase section */
		1D638407285B24E800612F1A /* Resources */ = {
			isa = PBXResourcesBuildPhase;
			buildActionMask = 2147483647;
			files = (
				1D63841C285B24F200612F1A /* LaunchScreen.storyboard in Resources */,
				1D638419285B24F200612F1A /* Assets.xcassets in Resources */,
				1D638414285B24E800612F1A /* Main.storyboard in Resources */,
			);
			runOnlyForDeploymentPostprocessing = 0;
		};
		1D638420285B24F300612F1A /* Resources */ = {
			isa = PBXResourcesBuildPhase;
			buildActionMask = 2147483647;
			files = (
			);
			runOnlyForDeploymentPostprocessing = 0;
		};
		1D63842A285B24F300612F1A /* Resources */ = {
			isa = PBXResourcesBuildPhase;
			buildActionMask = 2147483647;
			files = (
			);
			runOnlyForDeploymentPostprocessing = 0;
		};
/* End PBXResourcesBuildPhase section */

/* Begin PBXSourcesBuildPhase section */
		1D638405285B24E800612F1A /* Sources */ = {
			isa = PBXSourcesBuildPhase;
			buildActionMask = 2147483647;
			files = (
				1D638411285B24E800612F1A /* ViewController.swift in Sources */,
				1D638417285B24E800612F1A /* AirportInfo.xcdatamodeld in Sources */,
				1D63840D285B24E800612F1A /* AppDelegate.swift in Sources */,
				1D63840F285B24E800612F1A /* SceneDelegate.swift in Sources */,
			);
			runOnlyForDeploymentPostprocessing = 0;
		};
		1D63841E285B24F300612F1A /* Sources */ = {
			isa = PBXSourcesBuildPhase;
			buildActionMask = 2147483647;
			files = (
				1D638427285B24F300612F1A /* AirportInfoTests.swift in Sources */,
			);
			runOnlyForDeploymentPostprocessing = 0;
		};
		1D638428285B24F300612F1A /* Sources */ = {
			isa = PBXSourcesBuildPhase;
			buildActionMask = 2147483647;
			files = (
				1D638433285B24F300612F1A /* AirportInfoUITestsLaunchTests.swift in Sources */,
				1D638431285B24F300612F1A /* AirportInfoUITests.swift in Sources */,
			);
			runOnlyForDeploymentPostprocessing = 0;
		};
/* End PBXSourcesBuildPhase section */

/* Begin PBXTargetDependency section */
		1D638424285B24F300612F1A /* PBXTargetDependency */ = {
			isa = PBXTargetDependency;
			target = 1D638408285B24E800612F1A /* AirportInfo */;
			targetProxy = 1D638423285B24F300612F1A /* PBXContainerItemProxy */;
		};
		1D63842E285B24F300612F1A /* PBXTargetDependency */ = {
			isa = PBXTargetDependency;
			target = 1D638408285B24E800612F1A /* AirportInfo */;
			targetProxy = 1D63842D285B24F300612F1A /* PBXContainerItemProxy */;
		};
/* End PBXTargetDependency section */

/* Begin PBXVariantGroup section */
		1D638412285B24E800612F1A /* Main.storyboard */ = {
			isa = PBXVariantGroup;
			children = (
				1D638413285B24E800612F1A /* Base */,
			);
			name = Main.storyboard;
			sourceTree = "<group>";
		};
		1D63841A285B24F200612F1A /* LaunchScreen.storyboard */ = {
			isa = PBXVariantGroup;
			children = (
				1D63841B285B24F200612F1A /* Base */,
			);
			name = LaunchScreen.storyboard;
			sourceTree = "<group>";
		};
/* End PBXVariantGroup section */

/* Begin XCBuildConfiguration section */
		1D638434285B24F300612F1A /* Debug */ = {
			isa = XCBuildConfiguration;
			buildSettings = {
				ALWAYS_SEARCH_USER_PATHS = NO;
				CLANG_ANALYZER_NONNULL = YES;
				CLANG_ANALYZER_NUMBER_OBJECT_CONVERSION = YES_AGGRESSIVE;
				CLANG_CXX_LANGUAGE_STANDARD = "gnu++17";
				CLANG_CXX_LIBRARY = "libc++";
				CLANG_ENABLE_MODULES = YES;
				CLANG_ENABLE_OBJC_ARC = YES;
				CLANG_ENABLE_OBJC_WEAK = YES;
				CLANG_WARN_BLOCK_CAPTURE_AUTORELEASING = YES;
				CLANG_WARN_BOOL_CONVERSION = YES;
				CLANG_WARN_COMMA = YES;
				CLANG_WARN_CONSTANT_CONVERSION = YES;
				CLANG_WARN_DEPRECATED_OBJC_IMPLEMENTATIONS = YES;
				CLANG_WARN_DIRECT_OBJC_ISA_USAGE = YES_ERROR;
				CLANG_WARN_DOCUMENTATION_COMMENTS = YES;
				CLANG_WARN_EMPTY_BODY = YES;
				CLANG_WARN_ENUM_CONVERSION = YES;
				CLANG_WARN_INFINITE_RECURSION = YES;
				CLANG_WARN_INT_CONVERSION = YES;
				CLANG_WARN_NON_LITERAL_NULL_CONVERSION = YES;
				CLANG_WARN_OBJC_IMPLICIT_RETAIN_SELF = YES;
				CLANG_WARN_OBJC_LITERAL_CONVERSION = YES;
				CLANG_WARN_OBJC_ROOT_CLASS = YES_ERROR;
				CLANG_WARN_QUOTED_INCLUDE_IN_FRAMEWORK_HEADER = YES;
				CLANG_WARN_RANGE_LOOP_ANALYSIS = YES;
				CLANG_WARN_STRICT_PROTOTYPES = YES;
				CLANG_WARN_SUSPICIOUS_MOVE = YES;
				CLANG_WARN_UNGUARDED_AVAILABILITY = YES_AGGRESSIVE;
				CLANG_WARN_UNREACHABLE_CODE = YES;
				CLANG_WARN__DUPLICATE_METHOD_MATCH = YES;
				COPY_PHASE_STRIP = NO;
				DEBUG_INFORMATION_FORMAT = dwarf;
				ENABLE_STRICT_OBJC_MSGSEND = YES;
				ENABLE_TESTABILITY = YES;
				GCC_C_LANGUAGE_STANDARD = gnu11;
				GCC_DYNAMIC_NO_PIC = NO;
				GCC_NO_COMMON_BLOCKS = YES;
				GCC_OPTIMIZATION_LEVEL = 0;
				GCC_PREPROCESSOR_DEFINITIONS = (
					"DEBUG=1",
					"$(inherited)",
				);
				GCC_WARN_64_TO_32_BIT_CONVERSION = YES;
				GCC_WARN_ABOUT_RETURN_TYPE = YES_ERROR;
				GCC_WARN_UNDECLARED_SELECTOR = YES;
				GCC_WARN_UNINITIALIZED_AUTOS = YES_AGGRESSIVE;
				GCC_WARN_UNUSED_FUNCTION = YES;
				GCC_WARN_UNUSED_VARIABLE = YES;
				IPHONEOS_DEPLOYMENT_TARGET = 15.2;
				MTL_ENABLE_DEBUG_INFO = INCLUDE_SOURCE;
				MTL_FAST_MATH = YES;
				ONLY_ACTIVE_ARCH = YES;
				SDKROOT = iphoneos;
				SWIFT_ACTIVE_COMPILATION_CONDITIONS = DEBUG;
				SWIFT_OPTIMIZATION_LEVEL = "-Onone";
			};
			name = Debug;
		};
		1D638435285B24F300612F1A /* Release */ = {
			isa = XCBuildConfiguration;
			buildSettings = {
				ALWAYS_SEARCH_USER_PATHS = NO;
				CLANG_ANALYZER_NONNULL = YES;
				CLANG_ANALYZER_NUMBER_OBJECT_CONVERSION = YES_AGGRESSIVE;
				CLANG_CXX_LANGUAGE_STANDARD = "gnu++17";
				CLANG_CXX_LIBRARY = "libc++";
				CLANG_ENABLE_MODULES = YES;
				CLANG_ENABLE_OBJC_ARC = YES;
				CLANG_ENABLE_OBJC_WEAK = YES;
				CLANG_WARN_BLOCK_CAPTURE_AUTORELEASING = YES;
				CLANG_WARN_BOOL_CONVERSION = YES;
				CLANG_WARN_COMMA = YES;
				CLANG_WARN_CONSTANT_CONVERSION = YES;
				CLANG_WARN_DEPRECATED_OBJC_IMPLEMENTATIONS = YES;
				CLANG_WARN_DIRECT_OBJC_ISA_USAGE = YES_ERROR;
				CLANG_WARN_DOCUMENTATION_COMMENTS = YES;
				CLANG_WARN_EMPTY_BODY = YES;
				CLANG_WARN_ENUM_CONVERSION = YES;
				CLANG_WARN_INFINITE_RECURSION = YES;
				CLANG_WARN_INT_CONVERSION = YES;
				CLANG_WARN_NON_LITERAL_NULL_CONVERSION = YES;
				CLANG_WARN_OBJC_IMPLICIT_RETAIN_SELF = YES;
				CLANG_WARN_OBJC_LITERAL_CONVERSION = YES;
				CLANG_WARN_OBJC_ROOT_CLASS = YES_ERROR;
				CLANG_WARN_QUOTED_INCLUDE_IN_FRAMEWORK_HEADER = YES;
				CLANG_WARN_RANGE_LOOP_ANALYSIS = YES;
				CLANG_WARN_STRICT_PROTOTYPES = YES;
				CLANG_WARN_SUSPICIOUS_MOVE = YES;
				CLANG_WARN_UNGUARDED_AVAILABILITY = YES_AGGRESSIVE;
				CLANG_WARN_UNREACHABLE_CODE = YES;
				CLANG_WARN__DUPLICATE_METHOD_MATCH = YES;
				COPY_PHASE_STRIP = NO;
				DEBUG_INFORMATION_FORMAT = "dwarf-with-dsym";
				ENABLE_NS_ASSERTIONS = NO;
				ENABLE_STRICT_OBJC_MSGSEND = YES;
				GCC_C_LANGUAGE_STANDARD = gnu11;
				GCC_NO_COMMON_BLOCKS = YES;
				GCC_WARN_64_TO_32_BIT_CONVERSION = YES;
				GCC_WARN_ABOUT_RETURN_TYPE = YES_ERROR;
				GCC_WARN_UNDECLARED_SELECTOR = YES;
				GCC_WARN_UNINITIALIZED_AUTOS = YES_AGGRESSIVE;
				GCC_WARN_UNUSED_FUNCTION = YES;
				GCC_WARN_UNUSED_VARIABLE = YES;
				IPHONEOS_DEPLOYMENT_TARGET = 15.2;
				MTL_ENABLE_DEBUG_INFO = NO;
				MTL_FAST_MATH = YES;
				SDKROOT = iphoneos;
				SWIFT_COMPILATION_MODE = wholemodule;
				SWIFT_OPTIMIZATION_LEVEL = "-O";
				VALIDATE_PRODUCT = YES;
			};
			name = Release;
		};
		1D638437285B24F300612F1A /* Debug */ = {
			isa = XCBuildConfiguration;
			buildSettings = {
				ASSETCATALOG_COMPILER_APPICON_NAME = AppIcon;
				ASSETCATALOG_COMPILER_GLOBAL_ACCENT_COLOR_NAME = AccentColor;
				CODE_SIGN_STYLE = Automatic;
				CURRENT_PROJECT_VERSION = 1;
				DEVELOPMENT_TEAM = SP39Y257W3;
				GENERATE_INFOPLIST_FILE = YES;
				INFOPLIST_FILE = AirportInfo/Info.plist;
				INFOPLIST_KEY_UIApplicationSupportsIndirectInputEvents = YES;
				INFOPLIST_KEY_UILaunchStoryboardName = LaunchScreen;
				INFOPLIST_KEY_UIMainStoryboardFile = Main;
				INFOPLIST_KEY_UISupportedInterfaceOrientations_iPad = "UIInterfaceOrientationPortrait UIInterfaceOrientationPortraitUpsideDown UIInterfaceOrientationLandscapeLeft UIInterfaceOrientationLandscapeRight";
				INFOPLIST_KEY_UISupportedInterfaceOrientations_iPhone = "UIInterfaceOrientationPortrait UIInterfaceOrientationLandscapeLeft UIInterfaceOrientationLandscapeRight";
				LD_RUNPATH_SEARCH_PATHS = (
					"$(inherited)",
					"@executable_path/Frameworks",
				);
				MARKETING_VERSION = 1.0;
				PRODUCT_BUNDLE_IDENTIFIER = com.Raveena.AirportInfo;
				PRODUCT_NAME = "$(TARGET_NAME)";
				SWIFT_EMIT_LOC_STRINGS = YES;
				SWIFT_VERSION = 5.0;
				TARGETED_DEVICE_FAMILY = "1,2";
			};
			name = Debug;
		};
		1D638438285B24F300612F1A /* Release */ = {
			isa = XCBuildConfiguration;
			buildSettings = {
				ASSETCATALOG_COMPILER_APPICON_NAME = AppIcon;
				ASSETCATALOG_COMPILER_GLOBAL_ACCENT_COLOR_NAME = AccentColor;
				CODE_SIGN_STYLE = Automatic;
				CURRENT_PROJECT_VERSION = 1;
				DEVELOPMENT_TEAM = SP39Y257W3;
				GENERATE_INFOPLIST_FILE = YES;
				INFOPLIST_FILE = AirportInfo/Info.plist;
				INFOPLIST_KEY_UIApplicationSupportsIndirectInputEvents = YES;
				INFOPLIST_KEY_UILaunchStoryboardName = LaunchScreen;
				INFOPLIST_KEY_UIMainStoryboardFile = Main;
				INFOPLIST_KEY_UISupportedInterfaceOrientations_iPad = "UIInterfaceOrientationPortrait UIInterfaceOrientationPortraitUpsideDown UIInterfaceOrientationLandscapeLeft UIInterfaceOrientationLandscapeRight";
				INFOPLIST_KEY_UISupportedInterfaceOrientations_iPhone = "UIInterfaceOrientationPortrait UIInterfaceOrientationLandscapeLeft UIInterfaceOrientationLandscapeRight";
				LD_RUNPATH_SEARCH_PATHS = (
					"$(inherited)",
					"@executable_path/Frameworks",
				);
				MARKETING_VERSION = 1.0;
				PRODUCT_BUNDLE_IDENTIFIER = com.Raveena.AirportInfo;
				PRODUCT_NAME = "$(TARGET_NAME)";
				SWIFT_EMIT_LOC_STRINGS = YES;
				SWIFT_VERSION = 5.0;
				TARGETED_DEVICE_FAMILY = "1,2";
			};
			name = Release;
		};
		1D63843A285B24F300612F1A /* Debug */ = {
			isa = XCBuildConfiguration;
			buildSettings = {
				ALWAYS_EMBED_SWIFT_STANDARD_LIBRARIES = YES;
				BUNDLE_LOADER = "$(TEST_HOST)";
				CODE_SIGN_STYLE = Automatic;
				CURRENT_PROJECT_VERSION = 1;
				DEVELOPMENT_TEAM = SP39Y257W3;
				GENERATE_INFOPLIST_FILE = YES;
				IPHONEOS_DEPLOYMENT_TARGET = 15.2;
				MARKETING_VERSION = 1.0;
				PRODUCT_BUNDLE_IDENTIFIER = com.Raveena.AirportInfoTests;
				PRODUCT_NAME = "$(TARGET_NAME)";
				SWIFT_EMIT_LOC_STRINGS = NO;
				SWIFT_VERSION = 5.0;
				TARGETED_DEVICE_FAMILY = "1,2";
				TEST_HOST = "$(BUILT_PRODUCTS_DIR)/AirportInfo.app/AirportInfo";
			};
			name = Debug;
		};
		1D63843B285B24F300612F1A /* Release */ = {
			isa = XCBuildConfiguration;
			buildSettings = {
				ALWAYS_EMBED_SWIFT_STANDARD_LIBRARIES = YES;
				BUNDLE_LOADER = "$(TEST_HOST)";
				CODE_SIGN_STYLE = Automatic;
				CURRENT_PROJECT_VERSION = 1;
				DEVELOPMENT_TEAM = SP39Y257W3;
				GENERATE_INFOPLIST_FILE = YES;
				IPHONEOS_DEPLOYMENT_TARGET = 15.2;
				MARKETING_VERSION = 1.0;
				PRODUCT_BUNDLE_IDENTIFIER = com.Raveena.AirportInfoTests;
				PRODUCT_NAME = "$(TARGET_NAME)";
				SWIFT_EMIT_LOC_STRINGS = NO;
				SWIFT_VERSION = 5.0;
				TARGETED_DEVICE_FAMILY = "1,2";
				TEST_HOST = "$(BUILT_PRODUCTS_DIR)/AirportInfo.app/AirportInfo";
			};
			name = Release;
		};
		1D63843D285B24F300612F1A /* Debug */ = {
			isa = XCBuildConfiguration;
			buildSettings = {
				ALWAYS_EMBED_SWIFT_STANDARD_LIBRARIES = YES;
				CODE_SIGN_STYLE = Automatic;
				CURRENT_PROJECT_VERSION = 1;
				DEVELOPMENT_TEAM = SP39Y257W3;
				GENERATE_INFOPLIST_FILE = YES;
				MARKETING_VERSION = 1.0;
				PRODUCT_BUNDLE_IDENTIFIER = com.Raveena.AirportInfoUITests;
				PRODUCT_NAME = "$(TARGET_NAME)";
				SWIFT_EMIT_LOC_STRINGS = NO;
				SWIFT_VERSION = 5.0;
				TARGETED_DEVICE_FAMILY = "1,2";
				TEST_TARGET_NAME = AirportInfo;
			};
			name = Debug;
		};
		1D63843E285B24F300612F1A /* Release */ = {
			isa = XCBuildConfiguration;
			buildSettings = {
				ALWAYS_EMBED_SWIFT_STANDARD_LIBRARIES = YES;
				CODE_SIGN_STYLE = Automatic;
				CURRENT_PROJECT_VERSION = 1;
				DEVELOPMENT_TEAM = SP39Y257W3;
				GENERATE_INFOPLIST_FILE = YES;
				MARKETING_VERSION = 1.0;
				PRODUCT_BUNDLE_IDENTIFIER = com.Raveena.AirportInfoUITests;
				PRODUCT_NAME = "$(TARGET_NAME)";
				SWIFT_EMIT_LOC_STRINGS = NO;
				SWIFT_VERSION = 5.0;
				TARGETED_DEVICE_FAMILY = "1,2";
				TEST_TARGET_NAME = AirportInfo;
			};
			name = Release;
		};
/* End XCBuildConfiguration section */

/* Begin XCConfigurationList section */
		1D638404285B24E800612F1A /* Build configuration list for PBXProject "AirportInfo" */ = {
			isa = XCConfigurationList;
			buildConfigurations = (
				1D638434285B24F300612F1A /* Debug */,
				1D638435285B24F300612F1A /* Release */,
			);
			defaultConfigurationIsVisible = 0;
			defaultConfigurationName = Release;
		};
		1D638436285B24F300612F1A /* Build configuration list for PBXNativeTarget "AirportInfo" */ = {
			isa = XCConfigurationList;
			buildConfigurations = (
				1D638437285B24F300612F1A /* Debug */,
				1D638438285B24F300612F1A /* Release */,
			);
			defaultConfigurationIsVisible = 0;
			defaultConfigurationName = Release;
		};
		1D638439285B24F300612F1A /* Build configuration list for PBXNativeTarget "AirportInfoTests" */ = {
			isa = XCConfigurationList;
			buildConfigurations = (
				1D63843A285B24F300612F1A /* Debug */,
				1D63843B285B24F300612F1A /* Release */,
			);
			defaultConfigurationIsVisible = 0;
			defaultConfigurationName = Release;
		};
		1D63843C285B24F300612F1A /* Build configuration list for PBXNativeTarget "AirportInfoUITests" */ = {
			isa = XCConfigurationList;
			buildConfigurations = (
				1D63843D285B24F300612F1A /* Debug */,
				1D63843E285B24F300612F1A /* Release */,
			);
			defaultConfigurationIsVisible = 0;
			defaultConfigurationName = Release;
		};
/* End XCConfigurationList section */

/* Begin XCVersionGroup section */
		1D638415285B24E800612F1A /* AirportInfo.xcdatamodeld */ = {
			isa = XCVersionGroup;
			children = (
				1D638416285B24E800612F1A /* AirportInfo.xcdatamodel */,
			);
			currentVersion = 1D638416285B24E800612F1A /* AirportInfo.xcdatamodel */;
			path = AirportInfo.xcdatamodeld;
			sourceTree = "<group>";
			versionGroupType = wrapper.xcdatamodel;
		};
/* End XCVersionGroup section */
	};
	rootObject = 1D638401285B24E800612F1A /* Project object */;
}
